
Microsoft Visual Studio Solution File, Format Version 12.00
# Visual Studio Version 17
VisualStudioVersion = 17.11.35312.102
MinimumVisualStudioVersion = 10.0.40219.1
Project("{FAE04EC0-301F-11D3-BF4B-00C04F79EFBC}") = "TryCatch", "TryCatch\TryCatch.csproj", "{68F7CE31-A6C8-431F-BC6F-1241E2265E7F}"
EndProject
Global
	GlobalSection(SolutionConfigurationPlatforms) = preSolution
		Debug|Any CPU = Debug|Any CPU
		Release|Any CPU = Release|Any CPU
	EndGlobalSection
	GlobalSection(ProjectConfigurationPlatforms) = postSolution
		{68F7CE31-A6C8-431F-BC6F-1241E2265E7F}.Debug|Any CPU.ActiveCfg = Debug|Any CPU
		{68F7CE31-A6C8-431F-BC6F-1241E2265E7F}.Debug|Any CPU.Build.0 = Debug|Any CPU
		{68F7CE31-A6C8-431F-BC6F-1241E2265E7F}.Release|Any CPU.ActiveCfg = Release|Any CPU
		{68F7CE31-A6C8-431F-BC6F-1241E2265E7F}.Release|Any CPU.Build.0 = Release|Any CPU
	EndGlobalSection
	GlobalSection(SolutionProperties) = preSolution
		HideSolutionNode = FALSE
	EndGlobalSection
	GlobalSection(ExtensibilityGlobals) = postSolution
		SolutionGuid = {5F39DF9A-DD92-486B-AB6D-4FC5C9463552}
	EndGlobalSection
EndGlobal
